
Microsoft Visual Studio Solution File, Format Version 12.00
# Visual Studio Version 17
VisualStudioVersion = 17.0.31903.59
MinimumVisualStudioVersion = 10.0.40219.1
Project("{9A19103F-16F7-4668-BE54-9A1E7A4F7556}") = "OrderService", "OrderService\OrderService.csproj", "{3440932F-1592-4920-8297-6272B2AF89B2}"
EndProject
Project("{9A19103F-16F7-4668-BE54-9A1E7A4F7556}") = "Postgres", "Postgres\Postgres.csproj", "{27F1FB67-DFEB-43E5-B8A3-5E8CBE795F39}"
EndProject
Project("{9A19103F-16F7-4668-BE54-9A1E7A4F7556}") = "Kafka", "Kafka\Kafka.csproj", "{92A27053-4A16-49B9-AC74-5BB08E965FD7}"
EndProject
Project("{9A19103F-16F7-4668-BE54-9A1E7A4F7556}") = "Domain", "Domain\Domain.csproj", "{275B9CD4-9F5B-4C1C-A1F2-57CAAC590445}"
EndProject
Project("{9A19103F-16F7-4668-BE54-9A1E7A4F7556}") = "TrackingService", "TrackingService\TrackingService.csproj", "{B95A71FE-4C8C-459E-886B-7BD6A4C0240C}"
EndProject
Project("{FAE04EC0-301F-11D3-BF4B-00C04F79EFBC}") = "NotificationService", "NotificationService\NotificationService\NotificationService.csproj", "{EB4D0EC8-7F64-4F08-8541-FDAE6710B4AF}"
EndProject
Global
	GlobalSection(SolutionConfigurationPlatforms) = preSolution
		Debug|Any CPU = Debug|Any CPU
		Release|Any CPU = Release|Any CPU
	EndGlobalSection
	GlobalSection(ProjectConfigurationPlatforms) = postSolution
		{3440932F-1592-4920-8297-6272B2AF89B2}.Debug|Any CPU.ActiveCfg = Debug|Any CPU
		{3440932F-1592-4920-8297-6272B2AF89B2}.Debug|Any CPU.Build.0 = Debug|Any CPU
		{3440932F-1592-4920-8297-6272B2AF89B2}.Release|Any CPU.ActiveCfg = Release|Any CPU
		{3440932F-1592-4920-8297-6272B2AF89B2}.Release|Any CPU.Build.0 = Release|Any CPU
		{27F1FB67-DFEB-43E5-B8A3-5E8CBE795F39}.Debug|Any CPU.ActiveCfg = Debug|Any CPU
		{27F1FB67-DFEB-43E5-B8A3-5E8CBE795F39}.Debug|Any CPU.Build.0 = Debug|Any CPU
		{27F1FB67-DFEB-43E5-B8A3-5E8CBE795F39}.Release|Any CPU.ActiveCfg = Release|Any CPU
		{27F1FB67-DFEB-43E5-B8A3-5E8CBE795F39}.Release|Any CPU.Build.0 = Release|Any CPU
		{92A27053-4A16-49B9-AC74-5BB08E965FD7}.Debug|Any CPU.ActiveCfg = Debug|Any CPU
		{92A27053-4A16-49B9-AC74-5BB08E965FD7}.Debug|Any CPU.Build.0 = Debug|Any CPU
		{92A27053-4A16-49B9-AC74-5BB08E965FD7}.Release|Any CPU.ActiveCfg = Release|Any CPU
		{92A27053-4A16-49B9-AC74-5BB08E965FD7}.Release|Any CPU.Build.0 = Release|Any CPU
		{275B9CD4-9F5B-4C1C-A1F2-57CAAC590445}.Debug|Any CPU.ActiveCfg = Debug|Any CPU
		{275B9CD4-9F5B-4C1C-A1F2-57CAAC590445}.Debug|Any CPU.Build.0 = Debug|Any CPU
		{275B9CD4-9F5B-4C1C-A1F2-57CAAC590445}.Release|Any CPU.ActiveCfg = Release|Any CPU
		{275B9CD4-9F5B-4C1C-A1F2-57CAAC590445}.Release|Any CPU.Build.0 = Release|Any CPU
		{B95A71FE-4C8C-459E-886B-7BD6A4C0240C}.Debug|Any CPU.ActiveCfg = Debug|Any CPU
		{B95A71FE-4C8C-459E-886B-7BD6A4C0240C}.Debug|Any CPU.Build.0 = Debug|Any CPU
		{B95A71FE-4C8C-459E-886B-7BD6A4C0240C}.Release|Any CPU.ActiveCfg = Release|Any CPU
		{B95A71FE-4C8C-459E-886B-7BD6A4C0240C}.Release|Any CPU.Build.0 = Release|Any CPU
		{EB4D0EC8-7F64-4F08-8541-FDAE6710B4AF}.Debug|Any CPU.ActiveCfg = Debug|Any CPU
		{EB4D0EC8-7F64-4F08-8541-FDAE6710B4AF}.Debug|Any CPU.Build.0 = Debug|Any CPU
		{EB4D0EC8-7F64-4F08-8541-FDAE6710B4AF}.Release|Any CPU.ActiveCfg = Release|Any CPU
		{EB4D0EC8-7F64-4F08-8541-FDAE6710B4AF}.Release|Any CPU.Build.0 = Release|Any CPU
	EndGlobalSection
	GlobalSection(SolutionProperties) = preSolution
		HideSolutionNode = FALSE
	EndGlobalSection
	GlobalSection(ExtensibilityGlobals) = postSolution
		SolutionGuid = {A54850C6-1AC6-48A7-A72B-2DAA783BEC08}
	EndGlobalSection
EndGlobal
